<Project xmlns="http://schemas.microsoft.com/developer/msbuild/2003">
  <PropertyGroup>
    <ProjectGuid>{35ea812f-54e8-4acd-9f8a-665565cbb81c}</ProjectGuid>
    <Configuration Condition=" '$(Configuration)' == '' ">Debug</Configuration>
    <Platform Condition=" '$(Platform)' == '' ">AnyCPU</Platform>
    <DCC_DCCCompiler>DCC32</DCC_DCCCompiler>
    <DCC_DependencyCheckOutputName>C:\Meus Programas\NexCafe\Installl_NexPrinter.exe</DCC_DependencyCheckOutputName>
    <MainSource>Installl_NexPrinter.dpr</MainSource>
  </PropertyGroup>
  <PropertyGroup Condition=" '$(Configuration)|$(Platform)' == 'Release|AnyCPU' ">
    <Version>7.0</Version>
    <DCC_AssertionsAtRuntime>False</DCC_AssertionsAtRuntime>
    <DCC_DebugInformation>False</DCC_DebugInformation>
    <DCC_LocalDebugSymbols>False</DCC_LocalDebugSymbols>
    <DCC_SymbolReferenceInfo>0</DCC_SymbolReferenceInfo>
    <DCC_ExeOutput>C:\Meus Programas\NexCafe</DCC_ExeOutput>
    <DCC_DcuOutput>C:\ProjetoDCU\D2006</DCC_DcuOutput>
    <DCC_ObjOutput>C:\ProjetoDCU\D2006</DCC_ObjOutput>
    <DCC_HppOutput>C:\ProjetoDCU\D2006</DCC_HppOutput>
    <DCC_Define>RELEASE</DCC_Define>
  </PropertyGroup>
  <PropertyGroup Condition=" '$(Configuration)|$(Platform)' == 'Debug|AnyCPU' ">
    <Version>7.0</Version>
    <DCC_MapFile>3</DCC_MapFile>
    <DCC_ExeOutput>C:\Meus Programas\NexCafe</DCC_ExeOutput>
    <DCC_DcuOutput>c:\projetodcu\d2007</DCC_DcuOutput>
    <DCC_ObjOutput>c:\projetodcu\d2007</DCC_ObjOutput>
    <DCC_HppOutput>c:\projetodcu\d2007</DCC_HppOutput>
    <DCC_Define>DEBUG</DCC_Define>
  </PropertyGroup>
  <ProjectExtensions>
    <Borland.Personality>Delphi.Personality</Borland.Personality>
    <Borland.ProjectType />
    <BorlandProject>
<BorlandProject><Delphi.Personality><Parameters><Parameters Name="RunParams">NOELEV</Parameters><Parameters Name="UseLauncher">False</Parameters><Parameters Name="LoadAllSymbols">True</Parameters><Parameters Name="LoadUnspecifiedSymbols">False</Parameters></Parameters><VersionInfo><VersionInfo Name="IncludeVerInfo">True</VersionInfo><VersionInfo Name="AutoIncBuild">False</VersionInfo><VersionInfo Name="MajorVer">4</VersionInfo><VersionInfo Name="MinorVer">5</VersionInfo><VersionInfo Name="Release">0</VersionInfo><VersionInfo Name="Build">149</VersionInfo><VersionInfo Name="Debug">False</VersionInfo><VersionInfo Name="PreRelease">False</VersionInfo><VersionInfo Name="Special">False</VersionInfo><VersionInfo Name="Private">False</VersionInfo><VersionInfo Name="DLL">False</VersionInfo><VersionInfo Name="Locale">1046</VersionInfo><VersionInfo Name="CodePage">1252</VersionInfo></VersionInfo><VersionInfoKeys><VersionInfoKeys Name="CompanyName">Nextar</VersionInfoKeys><VersionInfoKeys Name="FileDescription">Servidor NexCafé</VersionInfoKeys><VersionInfoKeys Name="FileVersion">4.5.0.149</VersionInfoKeys><VersionInfoKeys Name="InternalName">NexServ</VersionInfoKeys><VersionInfoKeys Name="LegalCopyright"></VersionInfoKeys><VersionInfoKeys Name="LegalTrademarks"></VersionInfoKeys><VersionInfoKeys Name="OriginalFilename">NexServ.exe</VersionInfoKeys><VersionInfoKeys Name="ProductName">NexCafé</VersionInfoKeys><VersionInfoKeys Name="ProductVersion">4.5</VersionInfoKeys><VersionInfoKeys Name="Comments"></VersionInfoKeys></VersionInfoKeys><Excluded_Packages>
      
      
      
      
      
      
      
      
      
      
      
      
      
      
      
      <Excluded_Packages Name="C:\Users\Public\Documents\RAD Studio\5.0\Bpl\dclcxPivotGridD11.bpl">ExpressPivotGrid (VCL Edition) by Developer Express Inc.</Excluded_Packages>
      <Excluded_Packages Name="$(BDS)\bin\dcloffice2k100.bpl">Microsoft Office 2000 Sample Automation Server Wrapper Components</Excluded_Packages>
      <Excluded_Packages Name="$(BDS)\bin\dclofficexp100.bpl">Microsoft Office XP Sample Automation Server Wrapper Components</Excluded_Packages>
    </Excluded_Packages><Source><Source Name="MainSource">Installl_NexPrinter.dpr</Source></Source></Delphi.Personality></BorlandProject></BorlandProject>
  </ProjectExtensions>
  <Import Project="$(MSBuildBinPath)\Borland.Delphi.Targets" />
  <ItemGroup>
    <DelphiCompile Include="Installl_NexPrinter.dpr">
      <MainSource>MainSource</MainSource>
    </DelphiCompile>
    <DCCReference Include="..\Guard\ncgPrintInstall.pas" />
    <DCCReference Include="uInstallNexPrinter.pas">
      <Form>Form10</Form>
    </DCCReference>
  </ItemGroup>
</Project>