<?xml version="1.0" encoding="utf-8"?>
<Project xmlns="http://schemas.microsoft.com/developer/msbuild/2003">
  <PropertyGroup>
    <ProjectGuid>{a5003ff3-4644-47ff-8ed9-4cecc5dbc802}</ProjectGuid>
    <MainSource>Desbloqueia.dpr</MainSource>
    <Configuration Condition=" '$(Configuration)' == '' ">Debug</Configuration>
    <Platform Condition=" '$(Platform)' == '' ">AnyCPU</Platform>
    <DCC_DCCCompiler>DCC32</DCC_DCCCompiler>
    <DCC_DependencyCheckOutputName>C:\Meus Programas\NexCafe\Desbloqueia.exe</DCC_DependencyCheckOutputName>
  </PropertyGroup>
  <PropertyGroup Condition=" '$(Configuration)|$(Platform)' == 'Release|AnyCPU' ">
    <Version>7.0</Version>
    <DCC_DebugInformation>False</DCC_DebugInformation>
    <DCC_WriteableConstants>True</DCC_WriteableConstants>
    <DCC_LocalDebugSymbols>False</DCC_LocalDebugSymbols>
    <DCC_SymbolReferenceInfo>0</DCC_SymbolReferenceInfo>
    <DCC_Warnings>False</DCC_Warnings>
    <DCC_MapFile>3</DCC_MapFile>
    <DCC_ExeOutput>\Meus Programas\NexCafe</DCC_ExeOutput>
    <DCC_DcuOutput>\projetodcu\d7</DCC_DcuOutput>
    <DCC_ObjOutput>\projetodcu\d7</DCC_ObjOutput>
    <DCC_HppOutput>\projetodcu\d7</DCC_HppOutput>
    <DCC_Define>RELEASE</DCC_Define>
    <DCC_UNSAFE_TYPE>True</DCC_UNSAFE_TYPE>
    <DCC_UNSAFE_CODE>True</DCC_UNSAFE_CODE>
    <DCC_UNSAFE_CAST>True</DCC_UNSAFE_CAST>
  </PropertyGroup>
  <PropertyGroup Condition=" '$(Configuration)|$(Platform)' == 'Debug|AnyCPU' ">
    <Version>7.0</Version>
    <DCC_WriteableConstants>True</DCC_WriteableConstants>
    <DCC_Warnings>False</DCC_Warnings>
    <DCC_MapFile>3</DCC_MapFile>
    <DCC_ExeOutput>C:\Meus Programas\NexCafe</DCC_ExeOutput>
    <DCC_DcuOutput>C:\ProjetoDCU\D2007</DCC_DcuOutput>
    <DCC_ObjOutput>C:\ProjetoDCU\D2007</DCC_ObjOutput>
    <DCC_HppOutput>C:\ProjetoDCU\D2007</DCC_HppOutput>
    <DCC_Define>DEBUG</DCC_Define>
    <DCC_UNSAFE_TYPE>True</DCC_UNSAFE_TYPE>
    <DCC_UNSAFE_CODE>True</DCC_UNSAFE_CODE>
    <DCC_UNSAFE_CAST>True</DCC_UNSAFE_CAST>
    <DCC_AssertionsAtRuntime>False</DCC_AssertionsAtRuntime>
    <DCC_SymbolReferenceInfo>2</DCC_SymbolReferenceInfo>
    <DCC_PentiumSafeDivide>True</DCC_PentiumSafeDivide>
    <DCC_GenerateStackFrames>True</DCC_GenerateStackFrames>
  </PropertyGroup>
  <ProjectExtensions>
    <Borland.Personality>Delphi.Personality</Borland.Personality>
    <Borland.ProjectType>VCLApplication</Borland.ProjectType>
    <BorlandProject>
<BorlandProject><Delphi.Personality><Parameters><Parameters Name="UseLauncher">False</Parameters><Parameters Name="LoadAllSymbols">True</Parameters><Parameters Name="LoadUnspecifiedSymbols">False</Parameters></Parameters><Language><Language Name="ProjectLang">$00000416</Language></Language><VersionInfo><VersionInfo Name="IncludeVerInfo">True</VersionInfo><VersionInfo Name="AutoIncBuild">True</VersionInfo><VersionInfo Name="MajorVer">4</VersionInfo><VersionInfo Name="MinorVer">5</VersionInfo><VersionInfo Name="Release">0</VersionInfo><VersionInfo Name="Build">157</VersionInfo><VersionInfo Name="Debug">False</VersionInfo><VersionInfo Name="PreRelease">False</VersionInfo><VersionInfo Name="Special">False</VersionInfo><VersionInfo Name="Private">False</VersionInfo><VersionInfo Name="DLL">False</VersionInfo><VersionInfo Name="Locale">1046</VersionInfo><VersionInfo Name="CodePage">1252</VersionInfo></VersionInfo><VersionInfoKeys><VersionInfoKeys Name="CompanyName">Nextar</VersionInfoKeys><VersionInfoKeys Name="FileDescription">NexGuard</VersionInfoKeys><VersionInfoKeys Name="FileVersion">4.5.0.157</VersionInfoKeys><VersionInfoKeys Name="InternalName">NexGuard.exe</VersionInfoKeys><VersionInfoKeys Name="LegalCopyright"></VersionInfoKeys><VersionInfoKeys Name="LegalTrademarks"></VersionInfoKeys><VersionInfoKeys Name="OriginalFilename">NexGuard.exe</VersionInfoKeys><VersionInfoKeys Name="ProductName">NexCafé</VersionInfoKeys><VersionInfoKeys Name="ProductVersion">4.5</VersionInfoKeys><VersionInfoKeys Name="Comments">www.nexcafe.com.br</VersionInfoKeys></VersionInfoKeys><Source><Source Name="MainSource">Desbloqueia.dpr</Source></Source><Excluded_Packages>
      
      
      <Excluded_Packages Name="C:\Comp\devex\Library\Delphi11\dcldxNavBarD11.bpl">File C:\Comp\devex\Library\Delphi11\dcldxNavBarD11.bpl not found</Excluded_Packages>
    </Excluded_Packages></Delphi.Personality></BorlandProject></BorlandProject>
  </ProjectExtensions>
  <Import Project="$(MSBuildBinPath)\Borland.Delphi.Targets" />
  <ItemGroup>
    <DelphiCompile Include="Desbloqueia.dpr">
      <MainSource>MainSource</MainSource>
    </DelphiCompile>
    <DCCReference Include="C:\Comp\dwl\source-code\dwlginaSource\dwlDesktop.pas">
      <Form>,
  ncDosCmd in '..\Comp\ncDosCmd.pas'</Form>
    </DCCReference>
    <DCCReference Include="ncgLVBack.pas" />
    <DCCReference Include="ncgRemoveRestr.pa">
      <Form>$R *.RES</Form>
    </DCCReference>
    <DCCReference Include="ncgRemoveRestr.pas">
      <Form>$R *.RES</Form>
    </DCCReference>
    <DCCReference Include="ncProtecao98.pas" />
  </ItemGroup>
</Project>