<Project xmlns="http://schemas.microsoft.com/developer/msbuild/2003">
  <PropertyGroup>
    <ProjectGuid>{fe1d9df7-59f1-4360-aa2c-3631a7fe1866}</ProjectGuid>
    <Configuration Condition=" '$(Configuration)' == '' ">Debug</Configuration>
    <Platform Condition=" '$(Platform)' == '' ">AnyCPU</Platform>
    <DCC_DCCCompiler>DCC32</DCC_DCCCompiler>
    <DCC_DependencyCheckOutputName>Project15.exe</DCC_DependencyCheckOutputName>
    <MainSource>Project15.dpr</MainSource>
  </PropertyGroup>
  <PropertyGroup Condition=" '$(Configuration)|$(Platform)' == 'Release|AnyCPU' ">
    <Version>7.0</Version>
    <DCC_DebugInformation>False</DCC_DebugInformation>
    <DCC_LocalDebugSymbols>False</DCC_LocalDebugSymbols>
    <DCC_SymbolReferenceInfo>0</DCC_SymbolReferenceInfo>
    <DCC_Define>RELEASE</DCC_Define>
  </PropertyGroup>
  <PropertyGroup Condition=" '$(Configuration)|$(Platform)' == 'Debug|AnyCPU' ">
    <Version>7.0</Version>
    <DCC_Define>DEBUG</DCC_Define>
  </PropertyGroup>
  <ProjectExtensions>
    <Borland.Personality>Delphi.Personality</Borland.Personality>
    <Borland.ProjectType />
    <BorlandProject>
<BorlandProject xmlns=""> <Delphi.Personality>   <Parameters>
      <Parameters Name="UseLauncher">False</Parameters>
      <Parameters Name="LoadAllSymbols">True</Parameters>
      <Parameters Name="LoadUnspecifiedSymbols">False</Parameters>
    </Parameters>
    <VersionInfo>
      <VersionInfo Name="IncludeVerInfo">False</VersionInfo>
      <VersionInfo Name="AutoIncBuild">False</VersionInfo>
      <VersionInfo Name="MajorVer">1</VersionInfo>
      <VersionInfo Name="MinorVer">0</VersionInfo>
      <VersionInfo Name="Release">0</VersionInfo>
      <VersionInfo Name="Build">0</VersionInfo>
      <VersionInfo Name="Debug">False</VersionInfo>
      <VersionInfo Name="PreRelease">False</VersionInfo>
      <VersionInfo Name="Special">False</VersionInfo>
      <VersionInfo Name="Private">False</VersionInfo>
      <VersionInfo Name="DLL">False</VersionInfo>
      <VersionInfo Name="Locale">1046</VersionInfo>
      <VersionInfo Name="CodePage">1252</VersionInfo>
    </VersionInfo>
    <VersionInfoKeys>
      <VersionInfoKeys Name="CompanyName"></VersionInfoKeys>
      <VersionInfoKeys Name="FileDescription"></VersionInfoKeys>
      <VersionInfoKeys Name="FileVersion">1.0.0.0</VersionInfoKeys>
      <VersionInfoKeys Name="InternalName"></VersionInfoKeys>
      <VersionInfoKeys Name="LegalCopyright"></VersionInfoKeys>
      <VersionInfoKeys Name="LegalTrademarks"></VersionInfoKeys>
      <VersionInfoKeys Name="OriginalFilename"></VersionInfoKeys>
      <VersionInfoKeys Name="ProductName"></VersionInfoKeys>
      <VersionInfoKeys Name="ProductVersion">1.0.0.0</VersionInfoKeys>
      <VersionInfoKeys Name="Comments"></VersionInfoKeys>
    </VersionInfoKeys>
    <Excluded_Packages>
      
      
      
      
      
      
      
      
      
      
      
      
      
      
      
      
      
      
      
      
      
      
      
      
      
      
      
      
      
      
      
      
      
      
      
      
      
      
      
      
      
      
      
      
      
      
      
      
      
      
      
      
      
      
      
      
      
      
      
      
      
      
      
      
      
      
      <Excluded_Packages Name="C:\Comp\DevEx\Developer Express.VCL\Library\Delphi11\dxSkinsCoreD11.bpl">ExpressSkins Library by Developer Express Inc.</Excluded_Packages>
      <Excluded_Packages Name="C:\Users\Public\Documents\RAD Studio\5.0\Bpl\cad_D2007.bpl">File C:\Users\Public\Documents\RAD Studio\5.0\Bpl\cad_D2007.bpl not found</Excluded_Packages>
      <Excluded_Packages Name="C:\Users\Public\Documents\RAD Studio\5.0\Bpl\ncD2007.bpl">NexCafe</Excluded_Packages>
      <Excluded_Packages Name="C:\Users\Public\Documents\RAD Studio\5.0\Bpl\MWChatD2007.bpl">File C:\Users\Public\Documents\RAD Studio\5.0\Bpl\MWChatD2007.bpl not found</Excluded_Packages>
      <Excluded_Packages Name="C:\Users\Public\Documents\RAD Studio\5.0\Bpl\msgplugnx1d7.bpl">File C:\Users\Public\Documents\RAD Studio\5.0\Bpl\msgplugnx1d7.bpl not found</Excluded_Packages>
      <Excluded_Packages Name="C:\Users\Public\Documents\RAD Studio\5.0\Bpl\PngComponentsD11D.bpl">PNG Components designtime</Excluded_Packages>
      <Excluded_Packages Name="C:\Users\Public\Documents\RAD Studio\5.0\Bpl\PngComponentsD11R.bpl">PNG Image designtime and runtime</Excluded_Packages>
      <Excluded_Packages Name="C:\Users\Public\Documents\RAD Studio\5.0\Bpl\PngImageD11DR.bpl">PNG Image designtime and runtime</Excluded_Packages>
      <Excluded_Packages Name="C:\Users\Public\Documents\RAD Studio\5.0\Bpl\dclcxPivotGridD11.bpl">ExpressPivotGrid (VCL Edition) by Developer Express Inc.</Excluded_Packages>
      <Excluded_Packages Name="$(BDS)\bin\dcloffice2k100.bpl">Microsoft Office 2000 Sample Automation Server Wrapper Components</Excluded_Packages>
      <Excluded_Packages Name="$(BDS)\bin\dclofficexp100.bpl">Microsoft Office XP Sample Automation Server Wrapper Components</Excluded_Packages>
    </Excluded_Packages>
    <Source>
      <Source Name="MainSource">Project15.dpr</Source>
    </Source>
  </Delphi.Personality> </BorlandProject></BorlandProject>
  </ProjectExtensions>
  <Import Project="$(MSBuildBinPath)\Borland.Delphi.Targets" />
  <ItemGroup>
    <DelphiCompile Include="Project15.dpr">
      <MainSource>MainSource</MainSource>
    </DelphiCompile>
    <DCCReference Include="ncFrmImp.pas">
      <Form>FrmImp</Form>
    </DCCReference>
    <DCCReference Include="ncFrmShade.pas">
      <Form>FrmShade</Form>
    </DCCReference>
    <DCCReference Include="Unit22.pas">
      <Form>Form22</Form>
    </DCCReference>
  </ItemGroup>
</Project>