<Project xmlns="http://schemas.microsoft.com/developer/msbuild/2003">
  <PropertyGroup>
    <ProjectGuid>{6e146952-de88-4ac3-882d-d98f29c26e80}</ProjectGuid>
    <Configuration Condition=" '$(Configuration)' == '' ">Debug</Configuration>
    <Platform Condition=" '$(Platform)' == '' ">AnyCPU</Platform>
    <DCC_DCCCompiler>DCC32</DCC_DCCCompiler>
    <DCC_DependencyCheckOutputName>C:\Users\Joao\Desktop\Project26.exe</DCC_DependencyCheckOutputName>
    <MainSource>Project26.dpr</MainSource>
  </PropertyGroup>
  <PropertyGroup Condition=" '$(Configuration)|$(Platform)' == 'Release|AnyCPU' ">
    <Version>7.0</Version>
    <DCC_DebugInformation>False</DCC_DebugInformation>
    <DCC_LocalDebugSymbols>False</DCC_LocalDebugSymbols>
    <DCC_SymbolReferenceInfo>0</DCC_SymbolReferenceInfo>
    <DCC_Define>RELEASE</DCC_Define>
  </PropertyGroup>
  <PropertyGroup Condition=" '$(Configuration)|$(Platform)' == 'Debug|AnyCPU' ">
    <Version>7.0</Version>
    <DCC_Define>DEBUG</DCC_Define>
    <DCC_ExeOutput>C:\Users\Joao\Desktop</DCC_ExeOutput>
  </PropertyGroup>
  <ProjectExtensions>
    <Borland.Personality>Delphi.Personality</Borland.Personality>
    <Borland.ProjectType />
    <BorlandProject>
<BorlandProject xmlns=""> <Delphi.Personality>   <Parameters>
      <Parameters Name="UseLauncher">False</Parameters>
      <Parameters Name="LoadAllSymbols">True</Parameters>
      <Parameters Name="LoadUnspecifiedSymbols">False</Parameters>
    </Parameters>
    <VersionInfo>
      <VersionInfo Name="IncludeVerInfo">False</VersionInfo>
      <VersionInfo Name="AutoIncBuild">False</VersionInfo>
      <VersionInfo Name="MajorVer">1</VersionInfo>
      <VersionInfo Name="MinorVer">0</VersionInfo>
      <VersionInfo Name="Release">0</VersionInfo>
      <VersionInfo Name="Build">0</VersionInfo>
      <VersionInfo Name="Debug">False</VersionInfo>
      <VersionInfo Name="PreRelease">False</VersionInfo>
      <VersionInfo Name="Special">False</VersionInfo>
      <VersionInfo Name="Private">False</VersionInfo>
      <VersionInfo Name="DLL">False</VersionInfo>
      <VersionInfo Name="Locale">1033</VersionInfo>
      <VersionInfo Name="CodePage">1252</VersionInfo>
    </VersionInfo>
    <VersionInfoKeys>
      <VersionInfoKeys Name="CompanyName"></VersionInfoKeys>
      <VersionInfoKeys Name="FileDescription"></VersionInfoKeys>
      <VersionInfoKeys Name="FileVersion">1.0.0.0</VersionInfoKeys>
      <VersionInfoKeys Name="InternalName"></VersionInfoKeys>
      <VersionInfoKeys Name="LegalCopyright"></VersionInfoKeys>
      <VersionInfoKeys Name="LegalTrademarks"></VersionInfoKeys>
      <VersionInfoKeys Name="OriginalFilename"></VersionInfoKeys>
      <VersionInfoKeys Name="ProductName"></VersionInfoKeys>
      <VersionInfoKeys Name="ProductVersion">1.0.0.0</VersionInfoKeys>
      <VersionInfoKeys Name="Comments"></VersionInfoKeys>
    </VersionInfoKeys>
    <Excluded_Packages>
      
      
      
      
      
      
      
      
      
      
      
      
      
      
      
      
      
      
      
      
      
      
      
      
      
      
      
      
      
      
      
      
      
      
      
      
      
      
      
      
      
      
      
      
      
      
      
      
      
      
      
      
      
      
      
      
      
      
      
      
      
      
      
      
      
      
      
      
      
      
      
      
      
      
      
      
      
      
      
      
      
      
      
      
      
      
      
      
      
      
      
      
      
      
      
      
      
      
      
      
      
      
      
      
      
      
      
      
      
      
      
      
      
      
      
      
      
      
      
      
      
      
      
      
      
      
      
      
      
      
      
      
      
      
      
      
      
      
      
      
      
      
      
      
      
      
      
      
      
      
      
      
      
      
      
      
      
      
      
      
      
      
      
      
      
      
      
      
      
      
      
      
      
      
      
      
      
      
      
      
      
      
      
      
      
      
      
      
      
      
      
      
      
      
      
      
      
      
      
      
      
      
      
      
      
      
      
      
      
      
      
      
      
      
      
      
      
      
      
      
      
      
      
      
      
      
      
      
      
      
      
      
      
      
      
      
      
      
      
      
      
      
      <Excluded_Packages Name="C:\Users\Public\Documents\RAD Studio\5.0\Bpl\PngComponentsD11R.bpl">PNG Components runtime</Excluded_Packages>
      <Excluded_Packages Name="C:\Users\Public\Documents\RAD Studio\5.0\Bpl\dcldxSkinsdxBarsPaintersD11.bpl">ExpressSkins Library Uses Clause Auto Fill Helper for Bars Painters by Developer Express Inc.</Excluded_Packages>
      <Excluded_Packages Name="C:\Users\Public\Documents\RAD Studio\5.0\Bpl\dxSkinsdxDLPainterD11.bpl">ExpressSkins Library Painter for Docking Library by Developer Express Inc.</Excluded_Packages>
      <Excluded_Packages Name="C:\Users\Public\Documents\RAD Studio\5.0\Bpl\dxSkinsdxRibbonPainterD11.bpl">ExpressSkins Library Painter for Ribbon by Developer Express Inc.</Excluded_Packages>
      <Excluded_Packages Name="C:\Users\Public\Documents\RAD Studio\5.0\Bpl\dxSkinsdxBarPainterD11.bpl">ExpressSkins Library Painter for Bars by Developer Express Inc.</Excluded_Packages>
      <Excluded_Packages Name="C:\Users\Public\Documents\RAD Studio\5.0\Bpl\cad_D2007.bpl">CAD - Components</Excluded_Packages>
      <Excluded_Packages Name="C:\Users\Public\Documents\RAD Studio\5.0\Bpl\MessagingPlugin.bpl">(untitled)</Excluded_Packages>
      <Excluded_Packages Name="C:\Users\Public\Documents\RAD Studio\5.0\Bpl\dcldxSkinscxPCPainterD11.bpl">ExpressSkins Library Painter for PageControl by Developer Express Inc.</Excluded_Packages>
      <Excluded_Packages Name="C:\Users\Public\Documents\RAD Studio\5.0\Bpl\dxSkinscxPCPainterD11.bpl">ExpressSkins Library Painter for PageControl by Developer Express Inc.</Excluded_Packages>
      <Excluded_Packages Name="C:\Users\Public\Documents\RAD Studio\5.0\Bpl\dcldxSkinsdxLCPainterD11.bpl">ExpressSkins Library Uses Clause Auto Fill Helper for LayoutControl Painter by Developer Express Inc.</Excluded_Packages>
      <Excluded_Packages Name="C:\Users\Public\Documents\RAD Studio\5.0\Bpl\dxSkinsdxLCPainterD11.bpl">ExpressSkins Library Painter for LayoutControl by Developer Express Inc.</Excluded_Packages>
      <Excluded_Packages Name="$(BDS)\bin\dcloffice2k100.bpl">Microsoft Office 2000 Sample Automation Server Wrapper Components</Excluded_Packages>
      <Excluded_Packages Name="$(BDS)\bin\dclofficexp100.bpl">Microsoft Office XP Sample Automation Server Wrapper Components</Excluded_Packages>
      <Excluded_Packages Name="C:\comp\madCollection\madBasic\BDS4\madBasic_.bpl">madBasic 1.1r  -  www.madshi.net</Excluded_Packages>
      <Excluded_Packages Name="C:\comp\madCollection\madBasic\BDS4\madHelp_.bpl">madHelp 1.1a  -  www.madshi.net</Excluded_Packages>
      <Excluded_Packages Name="C:\comp\madCollection\madDisAsm\BDS4\madDisAsm_.bpl">madDisAsm 2.1h  -  www.madshi.net</Excluded_Packages>
      <Excluded_Packages Name="C:\comp\madCollection\madExcept\BDS4\madExceptIde_.bpl">madExceptIde 1.1  -  www.madshi.net</Excluded_Packages>
      <Excluded_Packages Name="C:\comp\madCollection\madExcept\BDS4\madExcept_.bpl">madExcept 3.0l  -  www.madshi.net</Excluded_Packages>
      <Excluded_Packages Name="C:\comp\madCollection\madExcept\BDS4\madExceptVcl_.bpl">madExceptVcl 2.0c  -  www.madshi.net</Excluded_Packages>
      <Excluded_Packages Name="C:\comp\madCollection\madExcept\BDS4\madExceptWizard_.bpl">madExceptWizard 3.0g  -  www.madshi.net</Excluded_Packages>
      <Excluded_Packages Name="$(BDS)\Bin\dclIndyCore100.bpl">Indy 10 Core Design Time</Excluded_Packages>
      <Excluded_Packages Name="$(BDS)\Bin\dclIndyProtocols100.bpl">Indy 10 Protocols Design Time</Excluded_Packages>
    </Excluded_Packages>
    <Source>
      <Source Name="MainSource">Project26.dpr</Source>
    </Source>
  </Delphi.Personality> </BorlandProject></BorlandProject>
  </ProjectExtensions>
  <Import Project="$(MSBuildBinPath)\Borland.Delphi.Targets" />
  <ItemGroup>
    <DelphiCompile Include="Project26.dpr">
      <MainSource>MainSource</MainSource>
    </DelphiCompile>
    <DCCReference Include="ncShellStart.pas" />
    <DCCReference Include="Unit33.pas">
      <Form>Form33</Form>
    </DCCReference>
  </ItemGroup>
</Project>